#
# This file is autogenerated by pip-compile with Python 3.14
# by the following command:
#
#    pip-compile --output-file=requirements.txt.lock requirements.txt
#

absl-py==2.4.0
    # via -r requirements.txt
iniconfig==2.3.0
    # via pytest
llvmlite==0.47.0
    # via numba
numba==0.65.0
    # via -r requirements.txt
numpy==2.4.4
    # via
    #   -r requirements.txt
    #   numba
packaging==26.0
    # via pytest
pluggy==1.6.0
    # via pytest
pygments==2.20.0
    # via pytest
pyside6==6.11.0
    # via -r requirements.txt
pyside6-addons==6.11.0
    # via pyside6
pyside6-essentials==6.11.0
    # via
    #   pyside6
    #   pyside6-addons
pytest==9.0.2
    # via -r requirements.txt
shiboken6==6.11.0
    # via
    #   pyside6
    #   pyside6-addons
    #   pyside6-essentials
